
Microsoft Visual Studio Solution File, Format Version 12.00
# Visual Studio Version 17
VisualStudioVersion = 17.14.36717.8 d17.14
MinimumVisualStudioVersion = 10.0.40219.1
Project("{FAE04EC0-301F-11D3-BF4B-00C04F79EFBC}") = "BudgetApp", "BudgetApp.csproj", "{D81F2630-E9EC-2FEA-C178-59B1173161C1}"
EndProject
Global
	GlobalSection(SolutionConfigurationPlatforms) = preSolution
		Debug|Any CPU = Debug|Any CPU
		Release|Any CPU = Release|Any CPU
	EndGlobalSection
	GlobalSection(ProjectConfigurationPlatforms) = postSolution
		{D81F2630-E9EC-2FEA-C178-59B1173161C1}.Debug|Any CPU.ActiveCfg = Debug|Any CPU
		{D81F2630-E9EC-2FEA-C178-59B1173161C1}.Debug|Any CPU.Build.0 = Debug|Any CPU
		{D81F2630-E9EC-2FEA-C178-59B1173161C1}.Release|Any CPU.ActiveCfg = Release|Any CPU
		{D81F2630-E9EC-2FEA-C178-59B1173161C1}.Release|Any CPU.Build.0 = Release|Any CPU
	EndGlobalSection
	GlobalSection(SolutionProperties) = preSolution
		HideSolutionNode = FALSE
	EndGlobalSection
	GlobalSection(ExtensibilityGlobals) = postSolution
		SolutionGuid = {DF4E7CD1-ADA9-4F80-8B7D-C833A102DC83}
	EndGlobalSection
EndGlobal
